
Microsoft Visual Studio Solution File, Format Version 12.00
# Visual Studio Version 17
VisualStudioVersion = 17.6.33829.357
MinimumVisualStudioVersion = 10.0.40219.1
Project("{FAE04EC0-301F-11D3-BF4B-00C04F79EFBC}") = "preguntados_backend", "preguntados_backend.csproj", "{49CC1583-2045-42BD-B82E-B424C20C5366}"
EndProject
Global
	GlobalSection(SolutionConfigurationPlatforms) = preSolution
		Debug|Any CPU = Debug|Any CPU
		Release|Any CPU = Release|Any CPU
	EndGlobalSection
	GlobalSection(ProjectConfigurationPlatforms) = postSolution
		{49CC1583-2045-42BD-B82E-B424C20C5366}.Debug|Any CPU.ActiveCfg = Debug|Any CPU
		{49CC1583-2045-42BD-B82E-B424C20C5366}.Debug|Any CPU.Build.0 = Debug|Any CPU
		{49CC1583-2045-42BD-B82E-B424C20C5366}.Release|Any CPU.ActiveCfg = Release|Any CPU
		{49CC1583-2045-42BD-B82E-B424C20C5366}.Release|Any CPU.Build.0 = Release|Any CPU
	EndGlobalSection
	GlobalSection(SolutionProperties) = preSolution
		HideSolutionNode = FALSE
	EndGlobalSection
	GlobalSection(ExtensibilityGlobals) = postSolution
		SolutionGuid = {3482846B-B291-492D-9E98-5B45AB9F7ECF}
	EndGlobalSection
EndGlobal
